{
  "name": "customComponents",
  "version": "1.0.0",
  "lockfileVersion": 1,
  "requires": true,
  "dependencies": {
    "@types/node": {
      "version": "9.6.59",
      "resolved": "https://registry.npmjs.org/@types/node/-/node-9.6.59.tgz",
      "integrity": "sha512-TX/dHK9lFrXoMFtHdF3oyEw6EpfYfu+8AZ1zP6Oj3rOiQGbit2rgQlJzvBRx712b9ReaCfkSNPRXYzZDYI4YSw=="
    },
    "react-google-calendar-api": {
      "version": "1.2.1",
      "resolved": "https://registry.npmjs.org/react-google-calendar-api/-/react-google-calendar-api-1.2.1.tgz",
      "integrity": "sha512-kqIgEPGTdLcUyRFMT2+SIj+iPxqQ5mcilS27XzPmgXBsvbB7PAIOsJYh9yPDOKxHIoCgqNERW/jOnXdG5MS/qA==",
      "requires": {
        "@types/node": "^9.6.39"
      }
    }
  }
}
